
Microsoft Visual Studio Solution File, Format Version 12.00
# Visual Studio Version 17
VisualStudioVersion = 17.6.33829.357
MinimumVisualStudioVersion = 10.0.40219.1
Project("{9A19103F-16F7-4668-BE54-9A1E7A4F7556}") = "CSharp", "CSharp\CSharp.csproj", "{3698475C-FD8A-49D0-B103-A21B6C6AB357}"
EndProject
Project("{FAE04EC0-301F-11D3-BF4B-00C04F79EFBC}") = "Programming", "Programming\Programming.csproj", "{9BA832EF-4753-4BE0-8209-C434A17592EF}"
EndProject
Project("{FAE04EC0-301F-11D3-BF4B-00C04F79EFBC}") = "ConsoleApp1", "ConsoleApp1\ConsoleApp1.csproj", "{82FB2647-30B6-47D1-8F25-851BB3337CCB}"
EndProject
Global
	GlobalSection(SolutionConfigurationPlatforms) = preSolution
		Debug|Any CPU = Debug|Any CPU
		Release|Any CPU = Release|Any CPU
	EndGlobalSection
	GlobalSection(ProjectConfigurationPlatforms) = postSolution
		{3698475C-FD8A-49D0-B103-A21B6C6AB357}.Debug|Any CPU.ActiveCfg = Debug|Any CPU
		{3698475C-FD8A-49D0-B103-A21B6C6AB357}.Debug|Any CPU.Build.0 = Debug|Any CPU
		{3698475C-FD8A-49D0-B103-A21B6C6AB357}.Release|Any CPU.ActiveCfg = Release|Any CPU
		{3698475C-FD8A-49D0-B103-A21B6C6AB357}.Release|Any CPU.Build.0 = Release|Any CPU
		{9BA832EF-4753-4BE0-8209-C434A17592EF}.Debug|Any CPU.ActiveCfg = Debug|Any CPU
		{9BA832EF-4753-4BE0-8209-C434A17592EF}.Debug|Any CPU.Build.0 = Debug|Any CPU
		{9BA832EF-4753-4BE0-8209-C434A17592EF}.Release|Any CPU.ActiveCfg = Release|Any CPU
		{9BA832EF-4753-4BE0-8209-C434A17592EF}.Release|Any CPU.Build.0 = Release|Any CPU
		{82FB2647-30B6-47D1-8F25-851BB3337CCB}.Debug|Any CPU.ActiveCfg = Debug|Any CPU
		{82FB2647-30B6-47D1-8F25-851BB3337CCB}.Debug|Any CPU.Build.0 = Debug|Any CPU
		{82FB2647-30B6-47D1-8F25-851BB3337CCB}.Release|Any CPU.ActiveCfg = Release|Any CPU
		{82FB2647-30B6-47D1-8F25-851BB3337CCB}.Release|Any CPU.Build.0 = Release|Any CPU
	EndGlobalSection
	GlobalSection(SolutionProperties) = preSolution
		HideSolutionNode = FALSE
	EndGlobalSection
	GlobalSection(ExtensibilityGlobals) = postSolution
		SolutionGuid = {3E245826-D7A7-4665-ABF0-03E3B4035FA8}
	EndGlobalSection
EndGlobal
